
Microsoft Visual Studio Solution File, Format Version 12.00
# Visual Studio 15
VisualStudioVersion = 15.0.28307.1082
MinimumVisualStudioVersion = 10.0.40219.1
Project("{8BC9CEB8-8B4A-11D0-8D11-00A0C91BC942}") = "Inheritance", "Inheritance\Inheritance.vcxproj", "{B4A5DE8D-455B-4536-A1B6-D797328F67A1}"
EndProject
Project("{8BC9CEB8-8B4A-11D0-8D11-00A0C91BC942}") = "Academy", "Academy\Academy.vcxproj", "{A2723903-DFA2-4DA4-86AC-3420BDB372A4}"
EndProject
Project("{8BC9CEB8-8B4A-11D0-8D11-00A0C91BC942}") = "Files", "Files\Files.vcxproj", "{F9D2C080-F73C-4542-A9D8-547E6F37EC69}"
EndProject
Project("{8BC9CEB8-8B4A-11D0-8D11-00A0C91BC942}") = "AbstractBaseClass", "AbstractBaseClass\AbstractBaseClass.vcxproj", "{A3E0FAC1-D383-41F9-97DC-2F3118342302}"
EndProject
Project("{8BC9CEB8-8B4A-11D0-8D11-00A0C91BC942}") = "AbstractGeometry", "AbstractGeometry\AbstractGeometry.vcxproj", "{29B9F1FF-15E4-4223-B89E-27114AD98EC9}"
EndProject
Global
	GlobalSection(SolutionConfigurationPlatforms) = preSolution
		Debug|x64 = Debug|x64
		Debug|x86 = Debug|x86
		Release|x64 = Release|x64
		Release|x86 = Release|x86
	EndGlobalSection
	GlobalSection(ProjectConfigurationPlatforms) = postSolution
		{B4A5DE8D-455B-4536-A1B6-D797328F67A1}.Debug|x64.ActiveCfg = Debug|x64
		{B4A5DE8D-455B-4536-A1B6-D797328F67A1}.Debug|x64.Build.0 = Debug|x64
		{B4A5DE8D-455B-4536-A1B6-D797328F67A1}.Debug|x86.ActiveCfg = Debug|Win32
		{B4A5DE8D-455B-4536-A1B6-D797328F67A1}.Debug|x86.Build.0 = Debug|Win32
		{B4A5DE8D-455B-4536-A1B6-D797328F67A1}.Release|x64.ActiveCfg = Release|x64
		{B4A5DE8D-455B-4536-A1B6-D797328F67A1}.Release|x64.Build.0 = Release|x64
		{B4A5DE8D-455B-4536-A1B6-D797328F67A1}.Release|x86.ActiveCfg = Release|Win32
		{B4A5DE8D-455B-4536-A1B6-D797328F67A1}.Release|x86.Build.0 = Release|Win32
		{A2723903-DFA2-4DA4-86AC-3420BDB372A4}.Debug|x64.ActiveCfg = Debug|x64
		{A2723903-DFA2-4DA4-86AC-3420BDB372A4}.Debug|x64.Build.0 = Debug|x64
		{A2723903-DFA2-4DA4-86AC-3420BDB372A4}.Debug|x86.ActiveCfg = Debug|Win32
		{A2723903-DFA2-4DA4-86AC-3420BDB372A4}.Debug|x86.Build.0 = Debug|Win32
		{A2723903-DFA2-4DA4-86AC-3420BDB372A4}.Release|x64.ActiveCfg = Release|x64
		{A2723903-DFA2-4DA4-86AC-3420BDB372A4}.Release|x64.Build.0 = Release|x64
		{A2723903-DFA2-4DA4-86AC-3420BDB372A4}.Release|x86.ActiveCfg = Release|Win32
		{A2723903-DFA2-4DA4-86AC-3420BDB372A4}.Release|x86.Build.0 = Release|Win32
		{F9D2C080-F73C-4542-A9D8-547E6F37EC69}.Debug|x64.ActiveCfg = Debug|x64
		{F9D2C080-F73C-4542-A9D8-547E6F37EC69}.Debug|x64.Build.0 = Debug|x64
		{F9D2C080-F73C-4542-A9D8-547E6F37EC69}.Debug|x86.ActiveCfg = Debug|Win32
		{F9D2C080-F73C-4542-A9D8-547E6F37EC69}.Debug|x86.Build.0 = Debug|Win32
		{F9D2C080-F73C-4542-A9D8-547E6F37EC69}.Release|x64.ActiveCfg = Release|x64
		{F9D2C080-F73C-4542-A9D8-547E6F37EC69}.Release|x64.Build.0 = Release|x64
		{F9D2C080-F73C-4542-A9D8-547E6F37EC69}.Release|x86.ActiveCfg = Release|Win32
		{F9D2C080-F73C-4542-A9D8-547E6F37EC69}.Release|x86.Build.0 = Release|Win32
		{A3E0FAC1-D383-41F9-97DC-2F3118342302}.Debug|x64.ActiveCfg = Debug|x64
		{A3E0FAC1-D383-41F9-97DC-2F3118342302}.Debug|x64.Build.0 = Debug|x64
		{A3E0FAC1-D383-41F9-97DC-2F3118342302}.Debug|x86.ActiveCfg = Debug|Win32
		{A3E0FAC1-D383-41F9-97DC-2F3118342302}.Debug|x86.Build.0 = Debug|Win32
		{A3E0FAC1-D383-41F9-97DC-2F3118342302}.Release|x64.ActiveCfg = Release|x64
		{A3E0FAC1-D383-41F9-97DC-2F3118342302}.Release|x64.Build.0 = Release|x64
		{A3E0FAC1-D383-41F9-97DC-2F3118342302}.Release|x86.ActiveCfg = Release|Win32
		{A3E0FAC1-D383-41F9-97DC-2F3118342302}.Release|x86.Build.0 = Release|Win32
		{29B9F1FF-15E4-4223-B89E-27114AD98EC9}.Debug|x64.ActiveCfg = Debug|x64
		{29B9F1FF-15E4-4223-B89E-27114AD98EC9}.Debug|x64.Build.0 = Debug|x64
		{29B9F1FF-15E4-4223-B89E-27114AD98EC9}.Debug|x86.ActiveCfg = Debug|Win32
		{29B9F1FF-15E4-4223-B89E-27114AD98EC9}.Debug|x86.Build.0 = Debug|Win32
		{29B9F1FF-15E4-4223-B89E-27114AD98EC9}.Release|x64.ActiveCfg = Release|x64
		{29B9F1FF-15E4-4223-B89E-27114AD98EC9}.Release|x64.Build.0 = Release|x64
		{29B9F1FF-15E4-4223-B89E-27114AD98EC9}.Release|x86.ActiveCfg = Release|Win32
		{29B9F1FF-15E4-4223-B89E-27114AD98EC9}.Release|x86.Build.0 = Release|Win32
	EndGlobalSection
	GlobalSection(SolutionProperties) = preSolution
		HideSolutionNode = FALSE
	EndGlobalSection
	GlobalSection(ExtensibilityGlobals) = postSolution
		SolutionGuid = {F7A6D73C-53F3-4365-9D9D-09C5523F7E20}
	EndGlobalSection
EndGlobal
